
Microsoft Visual Studio Solution File, Format Version 12.00
# Visual Studio 15
VisualStudioVersion = 15.0.28307.572
MinimumVisualStudioVersion = 10.0.40219.1
Project("{FAE04EC0-301F-11D3-BF4B-00C04F79EFBC}") = "ScheduledEvents", "ScheduledEvents\ScheduledEvents.csproj", "{3BC8D1FC-F929-44C4-AAC8-AA5E80F5BE12}"
EndProject
Global
	GlobalSection(SolutionConfigurationPlatforms) = preSolution
		Debug|Any CPU = Debug|Any CPU
		Release|Any CPU = Release|Any CPU
	EndGlobalSection
	GlobalSection(ProjectConfigurationPlatforms) = postSolution
		{3BC8D1FC-F929-44C4-AAC8-AA5E80F5BE12}.Debug|Any CPU.ActiveCfg = Debug|Any CPU
		{3BC8D1FC-F929-44C4-AAC8-AA5E80F5BE12}.Debug|Any CPU.Build.0 = Debug|Any CPU
		{3BC8D1FC-F929-44C4-AAC8-AA5E80F5BE12}.Release|Any CPU.ActiveCfg = Release|Any CPU
		{3BC8D1FC-F929-44C4-AAC8-AA5E80F5BE12}.Release|Any CPU.Build.0 = Release|Any CPU
	EndGlobalSection
	GlobalSection(SolutionProperties) = preSolution
		HideSolutionNode = FALSE
	EndGlobalSection
	GlobalSection(ExtensibilityGlobals) = postSolution
		SolutionGuid = {1EF72302-E7DF-4D1B-9958-3C742B646CA6}
	EndGlobalSection
EndGlobal
